<?xml version="1.0" encoding="utf-8"?>
<Project ToolsVersion="4.0" xmlns="http://schemas.microsoft.com/developer/msbuild/2003">
  <ItemGroup>
    <Filter Include="Source Files">
      <UniqueIdentifier>{4FC737F1-C7A5-4376-A066-2A32D752A2FF}</UniqueIdentifier>
      <Extensions>cpp;c;cc;cxx;c++;cppm;ixx;def;odl;idl;hpj;bat;asm;asmx</Extensions>
    </Filter>
    <Filter Include="Header Files">
      <UniqueIdentifier>{93995380-89BD-4b04-88EB-625FBE52EBFB}</UniqueIdentifier>
      <Extensions>h;hh;hpp;hxx;h++;hm;inl;inc;ipp;xsd</Extensions>
    </Filter>
    <Filter Include="Resource Files">
      <UniqueIdentifier>{67DA6AB6-F800-4c08-8B7A-83BB121AAD01}</UniqueIdentifier>
      <Extensions>rc;ico;cur;bmp;dlg;rc2;rct;bin;rgs;gif;jpg;jpeg;jpe;resx;tiff;tif;png;wav;mfcribbon-ms</Extensions>
    </Filter>
    <Filter Include="Header Files\Cube">
      <UniqueIdentifier>{8648c3c5-e412-46e0-8052-4c6d86967172}</UniqueIdentifier>
    </Filter>
    <Filter Include="Source Files\Cube">
      <UniqueIdentifier>{b4f1a525-5955-452c-8354-0aafe153dbf8}</UniqueIdentifier>
    </Filter>
    <Filter Include="Header Files\Light">
      <UniqueIdentifier>{c5ac486c-3eb9-4dec-893d-850911815209}</UniqueIdentifier>
    </Filter>
    <Filter Include="Source Files\Light">
      <UniqueIdentifier>{9a1de9e0-e4d6-4423-a653-6e4f275525a4}</UniqueIdentifier>
    </Filter>
    <Filter Include="Shaders">
      <UniqueIdentifier>{c9a896ea-85be-4eec-8436-7e4107d419a9}</UniqueIdentifier>
    </Filter>
  </ItemGroup>
  <ItemGroup>
    <ClCompile Include="Cube\BaseCube.cpp">
      <Filter>Source Files\Cube</Filter>
    </ClCompile>
    <ClCompile Include="Cube\Cube.cpp">
      <Filter>Source Files\Cube</Filter>
    </ClCompile>
    <ClCompile Include="Cube\RotatingCube.cpp">
      <Filter>Source Files\Cube</Filter>
    </ClCompile>
    <ClCompile Include="Light\RotatingPointLight.cpp">
      <Filter>Source Files\Light</Filter>
    </ClCompile>
    <ClCompile Include="Main.cpp">
      <Filter>Source Files</Filter>
    </ClCompile>
  </ItemGroup>
  <ItemGroup>
    <FxCompile Include="Shaders\PS.hlsl">
      <Filter>Shaders</Filter>
    </FxCompile>
    <FxCompile Include="Shaders\VS.hlsl">
      <Filter>Shaders</Filter>
    </FxCompile>
    <FxCompile Include="Shaders\CubeMap_PS.hlsl">
      <Filter>Shaders</Filter>
    </FxCompile>
    <FxCompile Include="Shaders\CubeMap_VS.hlsl">
      <Filter>Shaders</Filter>
    </FxCompile>
  </ItemGroup>
  <ItemGroup>
    <None Include="Shaders\Shaders.fxh">
      <Filter>Shaders</Filter>
    </None>
    <None Include="Shaders\PhongShaders.fxh">
      <Filter>Shaders</Filter>
    </None>
    <None Include="Shaders\VoxelShaders.fxh">
      <Filter>Shaders</Filter>
    </None>
    <None Include="Shaders\SkinningShaders.fxh">
      <Filter>Shaders</Filter>
    </None>
    <None Include="Shaders\ShadowShaders.fxh">
      <Filter>Shaders</Filter>
    </None>
    <None Include="Shaders\CubeMap.fxh">
      <Filter>Shaders</Filter>
    </None>
  </ItemGroup>
  <ItemGroup>
    <ClInclude Include="Cube\BaseCube.h">
      <Filter>Header Files\Cube</Filter>
    </ClInclude>
    <ClInclude Include="Cube\Cube.h">
      <Filter>Header Files\Cube</Filter>
    </ClInclude>
    <ClInclude Include="Cube\RotatingCube.h">
      <Filter>Header Files\Cube</Filter>
    </ClInclude>
    <ClInclude Include="Light\RotatingPointLight.h">
      <Filter>Header Files\Light</Filter>
    </ClInclude>
  </ItemGroup>
  <ItemGroup>
    <Image Include="seafloor.dds">
      <Filter>Resource Files</Filter>
    </Image>
    <Image Include="brickwall.dds">
      <Filter>Resource Files</Filter>
    </Image>
    <Image Include="mollu.dds">
      <Filter>Resource Files</Filter>
    </Image>
  </ItemGroup>
</Project>